
Microsoft Visual Studio Solution File, Format Version 12.00
# Visual Studio Version 16
VisualStudioVersion = 16.0.808.4
MinimumVisualStudioVersion = 10.0.40219.1
Project("{2150E333-8FDC-42A3-9474-1A3956D46DE8}") = "src", "src", "{375CEF53-3639-481D-8750-69B042C56B4C}"
EndProject
Project("{2150E333-8FDC-42A3-9474-1A3956D46DE8}") = "BuildingBlocks", "BuildingBlocks", "{FA6BC5BD-7687-4E28-84F9-A628FA80C058}"
EndProject
Project("{2150E333-8FDC-42A3-9474-1A3956D46DE8}") = "Services", "Services", "{636B4108-5421-42FD-85B8-23EB2F289419}"
EndProject
Project("{2150E333-8FDC-42A3-9474-1A3956D46DE8}") = "Web", "Web", "{9D19364A-60E5-4910-B6FA-9C090198028D}"
EndProject
Project("{2150E333-8FDC-42A3-9474-1A3956D46DE8}") = "Identification", "Identification", "{78FFBAB5-51CA-4875-A9D4-56DA5196778B}"
EndProject
Project("{2150E333-8FDC-42A3-9474-1A3956D46DE8}") = "MVC", "MVC", "{0FF50F99-E628-4A29-B674-DB35CECB6BC2}"
EndProject
Project("{FAE04EC0-301F-11D3-BF4B-00C04F79EFBC}") = "PSE.WebApp.MVC", "src\web\PSE.WebApp.MVC\PSE.WebApp.MVC.csproj", "{AB420308-CC45-4147-8400-4883D96236B1}"
EndProject
Project("{2150E333-8FDC-42A3-9474-1A3956D46DE8}") = "Core", "Core", "{D57146D7-A015-4342-B1B3-05A6A6C57C5A}"
EndProject
Project("{FAE04EC0-301F-11D3-BF4B-00C04F79EFBC}") = "PSE.Core", "src\buildingBlocks\PSE.Core\PSE.Core.csproj", "{54752536-4DF7-4526-97CA-972D348ADA1C}"
EndProject
Project("{2150E333-8FDC-42A3-9474-1A3956D46DE8}") = "Cart", "Cart", "{63F96B17-1377-4FC3-B322-06939764FEBF}"
EndProject
Project("{2150E333-8FDC-42A3-9474-1A3956D46DE8}") = "Client", "Client", "{F8F465BF-2041-4811-AC77-E907FCA97854}"
EndProject
Project("{2150E333-8FDC-42A3-9474-1A3956D46DE8}") = "Payment", "Payment", "{60CAD240-1572-4481-B575-E3F1F2A29932}"
EndProject
Project("{2150E333-8FDC-42A3-9474-1A3956D46DE8}") = "Order", "Order", "{5A503DDE-B88C-4AA1-A08B-0C2EB63616B2}"
EndProject
Project("{2150E333-8FDC-42A3-9474-1A3956D46DE8}") = "Catalog", "Catalog", "{F2E17496-F3F3-4289-A9AA-392C68A37919}"
EndProject
Project("{FAE04EC0-301F-11D3-BF4B-00C04F79EFBC}") = "PSE.Cart.API", "src\services\PSE.Cart.API\PSE.Cart.API.csproj", "{6ED948E1-6312-4A3C-9E55-8328D0E79856}"
EndProject
Project("{FAE04EC0-301F-11D3-BF4B-00C04F79EFBC}") = "PSE.Catalog.API", "src\services\PSE.Catalog.API\PSE.Catalog.API.csproj", "{EAF0FF8D-1C11-4F7D-8779-7A8154CC503E}"
EndProject
Project("{FAE04EC0-301F-11D3-BF4B-00C04F79EFBC}") = "PSE.Order.API", "src\services\PSE.Order.API\PSE.Order.API.csproj", "{E4835F4A-6B4F-4103-9A7C-E8C77E5F9DBE}"
EndProject
Project("{FAE04EC0-301F-11D3-BF4B-00C04F79EFBC}") = "PSE.Payment.API", "src\services\PSE.Payment.API\PSE.Payment.API.csproj", "{30DCF476-39C5-40E9-978F-F1F4E3C7C0A3}"
EndProject
Project("{FAE04EC0-301F-11D3-BF4B-00C04F79EFBC}") = "PSE.Identification.API", "src\services\PSE.Identification.API\PSE.Identification.API.csproj", "{410B67D7-9AA9-48ED-9F93-397C97A95AC9}"
EndProject
Project("{2150E333-8FDC-42A3-9474-1A3956D46DE8}") = "Services", "Services", "{25A32244-6AEC-407C-86A8-BD3E771A0A35}"
EndProject
Project("{FAE04EC0-301F-11D3-BF4B-00C04F79EFBC}") = "PSE.WebAPI.Core", "src\buildingBlocks\PSE.WebAPI.Core\PSE.WebAPI.Core.csproj", "{DE24CABF-71BB-4166-81D0-9A813AD88F37}"
EndProject
Project("{FAE04EC0-301F-11D3-BF4B-00C04F79EFBC}") = "PSE.Clients.API", "src\services\PSE.Clients.API\PSE.Clients.API.csproj", "{9DEABA30-386B-4542-B022-035496D50ADF}"
EndProject
Project("{2150E333-8FDC-42A3-9474-1A3956D46DE8}") = "MessageBus", "MessageBus", "{D9D903FB-A5F6-4E95-A416-BBF280BCB643}"
EndProject
Project("{FAE04EC0-301F-11D3-BF4B-00C04F79EFBC}") = "PSE.MessageBus", "src\buildingBlocks\PSE.MessageBus\PSE.MessageBus.csproj", "{697F4B66-3C56-42D2-BA1E-19026A13FF8A}"
EndProject
Global
	GlobalSection(SolutionConfigurationPlatforms) = preSolution
		Debug|Any CPU = Debug|Any CPU
		Release|Any CPU = Release|Any CPU
	EndGlobalSection
	GlobalSection(ProjectConfigurationPlatforms) = postSolution
		{AB420308-CC45-4147-8400-4883D96236B1}.Debug|Any CPU.ActiveCfg = Debug|Any CPU
		{AB420308-CC45-4147-8400-4883D96236B1}.Debug|Any CPU.Build.0 = Debug|Any CPU
		{AB420308-CC45-4147-8400-4883D96236B1}.Release|Any CPU.ActiveCfg = Release|Any CPU
		{AB420308-CC45-4147-8400-4883D96236B1}.Release|Any CPU.Build.0 = Release|Any CPU
		{54752536-4DF7-4526-97CA-972D348ADA1C}.Debug|Any CPU.ActiveCfg = Debug|Any CPU
		{54752536-4DF7-4526-97CA-972D348ADA1C}.Debug|Any CPU.Build.0 = Debug|Any CPU
		{54752536-4DF7-4526-97CA-972D348ADA1C}.Release|Any CPU.ActiveCfg = Release|Any CPU
		{54752536-4DF7-4526-97CA-972D348ADA1C}.Release|Any CPU.Build.0 = Release|Any CPU
		{6ED948E1-6312-4A3C-9E55-8328D0E79856}.Debug|Any CPU.ActiveCfg = Debug|Any CPU
		{6ED948E1-6312-4A3C-9E55-8328D0E79856}.Debug|Any CPU.Build.0 = Debug|Any CPU
		{6ED948E1-6312-4A3C-9E55-8328D0E79856}.Release|Any CPU.ActiveCfg = Release|Any CPU
		{6ED948E1-6312-4A3C-9E55-8328D0E79856}.Release|Any CPU.Build.0 = Release|Any CPU
		{EAF0FF8D-1C11-4F7D-8779-7A8154CC503E}.Debug|Any CPU.ActiveCfg = Debug|Any CPU
		{EAF0FF8D-1C11-4F7D-8779-7A8154CC503E}.Debug|Any CPU.Build.0 = Debug|Any CPU
		{EAF0FF8D-1C11-4F7D-8779-7A8154CC503E}.Release|Any CPU.ActiveCfg = Release|Any CPU
		{EAF0FF8D-1C11-4F7D-8779-7A8154CC503E}.Release|Any CPU.Build.0 = Release|Any CPU
		{E4835F4A-6B4F-4103-9A7C-E8C77E5F9DBE}.Debug|Any CPU.ActiveCfg = Debug|Any CPU
		{E4835F4A-6B4F-4103-9A7C-E8C77E5F9DBE}.Debug|Any CPU.Build.0 = Debug|Any CPU
		{E4835F4A-6B4F-4103-9A7C-E8C77E5F9DBE}.Release|Any CPU.ActiveCfg = Release|Any CPU
		{E4835F4A-6B4F-4103-9A7C-E8C77E5F9DBE}.Release|Any CPU.Build.0 = Release|Any CPU
		{30DCF476-39C5-40E9-978F-F1F4E3C7C0A3}.Debug|Any CPU.ActiveCfg = Debug|Any CPU
		{30DCF476-39C5-40E9-978F-F1F4E3C7C0A3}.Debug|Any CPU.Build.0 = Debug|Any CPU
		{30DCF476-39C5-40E9-978F-F1F4E3C7C0A3}.Release|Any CPU.ActiveCfg = Release|Any CPU
		{30DCF476-39C5-40E9-978F-F1F4E3C7C0A3}.Release|Any CPU.Build.0 = Release|Any CPU
		{410B67D7-9AA9-48ED-9F93-397C97A95AC9}.Debug|Any CPU.ActiveCfg = Debug|Any CPU
		{410B67D7-9AA9-48ED-9F93-397C97A95AC9}.Debug|Any CPU.Build.0 = Debug|Any CPU
		{410B67D7-9AA9-48ED-9F93-397C97A95AC9}.Release|Any CPU.ActiveCfg = Release|Any CPU
		{410B67D7-9AA9-48ED-9F93-397C97A95AC9}.Release|Any CPU.Build.0 = Release|Any CPU
		{DE24CABF-71BB-4166-81D0-9A813AD88F37}.Debug|Any CPU.ActiveCfg = Debug|Any CPU
		{DE24CABF-71BB-4166-81D0-9A813AD88F37}.Debug|Any CPU.Build.0 = Debug|Any CPU
		{DE24CABF-71BB-4166-81D0-9A813AD88F37}.Release|Any CPU.ActiveCfg = Release|Any CPU
		{DE24CABF-71BB-4166-81D0-9A813AD88F37}.Release|Any CPU.Build.0 = Release|Any CPU
		{9DEABA30-386B-4542-B022-035496D50ADF}.Debug|Any CPU.ActiveCfg = Debug|Any CPU
		{9DEABA30-386B-4542-B022-035496D50ADF}.Debug|Any CPU.Build.0 = Debug|Any CPU
		{9DEABA30-386B-4542-B022-035496D50ADF}.Release|Any CPU.ActiveCfg = Release|Any CPU
		{9DEABA30-386B-4542-B022-035496D50ADF}.Release|Any CPU.Build.0 = Release|Any CPU
		{697F4B66-3C56-42D2-BA1E-19026A13FF8A}.Debug|Any CPU.ActiveCfg = Debug|Any CPU
		{697F4B66-3C56-42D2-BA1E-19026A13FF8A}.Debug|Any CPU.Build.0 = Debug|Any CPU
		{697F4B66-3C56-42D2-BA1E-19026A13FF8A}.Release|Any CPU.ActiveCfg = Release|Any CPU
		{697F4B66-3C56-42D2-BA1E-19026A13FF8A}.Release|Any CPU.Build.0 = Release|Any CPU
	EndGlobalSection
	GlobalSection(SolutionProperties) = preSolution
		HideSolutionNode = FALSE
	EndGlobalSection
	GlobalSection(ExtensibilityGlobals) = postSolution
		SolutionGuid = {41C11707-96FA-4A23-A2A7-F7FBCF9FAC3C}
	EndGlobalSection
	GlobalSection(NestedProjects) = preSolution
		{FA6BC5BD-7687-4E28-84F9-A628FA80C058} = {375CEF53-3639-481D-8750-69B042C56B4C}
		{636B4108-5421-42FD-85B8-23EB2F289419} = {375CEF53-3639-481D-8750-69B042C56B4C}
		{9D19364A-60E5-4910-B6FA-9C090198028D} = {375CEF53-3639-481D-8750-69B042C56B4C}
		{78FFBAB5-51CA-4875-A9D4-56DA5196778B} = {636B4108-5421-42FD-85B8-23EB2F289419}
		{0FF50F99-E628-4A29-B674-DB35CECB6BC2} = {9D19364A-60E5-4910-B6FA-9C090198028D}
		{AB420308-CC45-4147-8400-4883D96236B1} = {0FF50F99-E628-4A29-B674-DB35CECB6BC2}
		{D57146D7-A015-4342-B1B3-05A6A6C57C5A} = {FA6BC5BD-7687-4E28-84F9-A628FA80C058}
		{54752536-4DF7-4526-97CA-972D348ADA1C} = {D57146D7-A015-4342-B1B3-05A6A6C57C5A}
		{63F96B17-1377-4FC3-B322-06939764FEBF} = {636B4108-5421-42FD-85B8-23EB2F289419}
		{F8F465BF-2041-4811-AC77-E907FCA97854} = {636B4108-5421-42FD-85B8-23EB2F289419}
		{60CAD240-1572-4481-B575-E3F1F2A29932} = {636B4108-5421-42FD-85B8-23EB2F289419}
		{5A503DDE-B88C-4AA1-A08B-0C2EB63616B2} = {636B4108-5421-42FD-85B8-23EB2F289419}
		{F2E17496-F3F3-4289-A9AA-392C68A37919} = {636B4108-5421-42FD-85B8-23EB2F289419}
		{6ED948E1-6312-4A3C-9E55-8328D0E79856} = {63F96B17-1377-4FC3-B322-06939764FEBF}
		{EAF0FF8D-1C11-4F7D-8779-7A8154CC503E} = {F2E17496-F3F3-4289-A9AA-392C68A37919}
		{E4835F4A-6B4F-4103-9A7C-E8C77E5F9DBE} = {5A503DDE-B88C-4AA1-A08B-0C2EB63616B2}
		{30DCF476-39C5-40E9-978F-F1F4E3C7C0A3} = {60CAD240-1572-4481-B575-E3F1F2A29932}
		{410B67D7-9AA9-48ED-9F93-397C97A95AC9} = {78FFBAB5-51CA-4875-A9D4-56DA5196778B}
		{25A32244-6AEC-407C-86A8-BD3E771A0A35} = {FA6BC5BD-7687-4E28-84F9-A628FA80C058}
		{DE24CABF-71BB-4166-81D0-9A813AD88F37} = {25A32244-6AEC-407C-86A8-BD3E771A0A35}
		{9DEABA30-386B-4542-B022-035496D50ADF} = {F8F465BF-2041-4811-AC77-E907FCA97854}
		{D9D903FB-A5F6-4E95-A416-BBF280BCB643} = {FA6BC5BD-7687-4E28-84F9-A628FA80C058}
		{697F4B66-3C56-42D2-BA1E-19026A13FF8A} = {D9D903FB-A5F6-4E95-A416-BBF280BCB643}
	EndGlobalSection
EndGlobal
